// !$*UTF8*$!
{
	archiveVersion = 1;
	classes = {
	};
	objectVersion = 46;
	objects = {

/* Begin PBXBuildFile section */
		B66EA1581F3F019900AF630E /* AppDelegate.swift in Sources */ = {isa = PBXBuildFile; fileRef = B66EA1571F3F019900AF630E /* AppDelegate.swift */; };
		B66EA15A1F3F019900AF630E /* LoginViewController.swift in Sources */ = {isa = PBXBuildFile; fileRef = B66EA1591F3F019900AF630E /* LoginViewController.swift */; };
		B66EA15D1F3F019900AF630E /* Main.storyboard in Resources */ = {isa = PBXBuildFile; fileRef = B66EA15B1F3F019900AF630E /* Main.storyboard */; };
		B66EA15F1F3F019900AF630E /* Assets.xcassets in Resources */ = {isa = PBXBuildFile; fileRef = B66EA15E1F3F019900AF630E /* Assets.xcassets */; };
		B66EA1621F3F019900AF630E /* LaunchScreen.storyboard in Resources */ = {isa = PBXBuildFile; fileRef = B66EA1601F3F019900AF630E /* LaunchScreen.storyboard */; };
		B66EA1701F3F3C9E00AF630E /* UdacityClient.swift in Sources */ = {isa = PBXBuildFile; fileRef = B66EA16F1F3F3C9E00AF630E /* UdacityClient.swift */; };
		B66EA1721F3F3D8D00AF630E /* Errors.swift in Sources */ = {isa = PBXBuildFile; fileRef = B66EA1711F3F3D8D00AF630E /* Errors.swift */; };
		B66EA1761F3F475A00AF630E /* UdacityConstants.swift in Sources */ = {isa = PBXBuildFile; fileRef = B66EA1751F3F475A00AF630E /* UdacityConstants.swift */; };
		B66EA17C1F3F52AA00AF630E /* GCDBlackBox.swift in Sources */ = {isa = PBXBuildFile; fileRef = B66EA17B1F3F52AA00AF630E /* GCDBlackBox.swift */; };
		B67E07B41F4ACCCD00CB0340 /* UdacityConvenience.swift in Sources */ = {isa = PBXBuildFile; fileRef = B67E07B31F4ACCCD00CB0340 /* UdacityConvenience.swift */; };
		B67E07D41F4C799B00CB0340 /* CustomTextFieldDelegate.swift in Sources */ = {isa = PBXBuildFile; fileRef = B67E07D31F4C799B00CB0340 /* CustomTextFieldDelegate.swift */; };
		B6C6CD861F44373A00A1075A /* StudentsMapViewController.swift in Sources */ = {isa = PBXBuildFile; fileRef = B6C6CD851F44373A00A1075A /* StudentsMapViewController.swift */; };
		B6C6CD881F443D0B00A1075A /* AppTabBarViewController.swift in Sources */ = {isa = PBXBuildFile; fileRef = B6C6CD871F443D0B00A1075A /* AppTabBarViewController.swift */; };
		B6C6CD8E1F45DFE000A1075A /* StudentsTableViewController.swift in Sources */ = {isa = PBXBuildFile; fileRef = B6C6CD8D1F45DFE000A1075A /* StudentsTableViewController.swift */; };
		B6C6CD911F45E57C00A1075A /* StudentTableViewCell.swift in Sources */ = {isa = PBXBuildFile; fileRef = B6C6CD901F45E57C00A1075A /* StudentTableViewCell.swift */; };
		B6C6CD951F46003C00A1075A /* UdacityStudent.swift in Sources */ = {isa = PBXBuildFile; fileRef = B6C6CD941F46003C00A1075A /* UdacityStudent.swift */; };
		B6C6CD991F474A8900A1075A /* PostingViewController.swift in Sources */ = {isa = PBXBuildFile; fileRef = B6C6CD981F474A8900A1075A /* PostingViewController.swift */; };
/* End PBXBuildFile section */

/* Begin PBXFileReference section */
		B66EA1541F3F019900AF630E /* OnTheMap.app */ = {isa = PBXFileReference; explicitFileType = wrapper.application; includeInIndex = 0; path = OnTheMap.app; sourceTree = BUILT_PRODUCTS_DIR; };
		B66EA1571F3F019900AF630E /* AppDelegate.swift */ = {isa = PBXFileReference; lastKnownFileType = sourcecode.swift; path = AppDelegate.swift; sourceTree = "<group>"; };
		B66EA1591F3F019900AF630E /* LoginViewController.swift */ = {isa = PBXFileReference; lastKnownFileType = sourcecode.swift; path = LoginViewController.swift; sourceTree = "<group>"; };
		B66EA15C1F3F019900AF630E /* Base */ = {isa = PBXFileReference; lastKnownFileType = file.storyboard; name = Base; path = Base.lproj/Main.storyboard; sourceTree = "<group>"; };
		B66EA15E1F3F019900AF630E /* Assets.xcassets */ = {isa = PBXFileReference; lastKnownFileType = folder.assetcatalog; path = Assets.xcassets; sourceTree = "<group>"; };
		B66EA1611F3F019900AF630E /* Base */ = {isa = PBXFileReference; lastKnownFileType = file.storyboard; name = Base; path = Base.lproj/LaunchScreen.storyboard; sourceTree = "<group>"; };
		B66EA1631F3F019900AF630E /* Info.plist */ = {isa = PBXFileReference; lastKnownFileType = text.plist.xml; path = Info.plist; sourceTree = "<group>"; };
		B66EA16F1F3F3C9E00AF630E /* UdacityClient.swift */ = {isa = PBXFileReference; fileEncoding = 4; lastKnownFileType = sourcecode.swift; path = UdacityClient.swift; sourceTree = "<group>"; };
		B66EA1711F3F3D8D00AF630E /* Errors.swift */ = {isa = PBXFileReference; fileEncoding = 4; lastKnownFileType = sourcecode.swift; path = Errors.swift; sourceTree = "<group>"; };
		B66EA1751F3F475A00AF630E /* UdacityConstants.swift */ = {isa = PBXFileReference; fileEncoding = 4; lastKnownFileType = sourcecode.swift; path = UdacityConstants.swift; sourceTree = "<group>"; };
		B66EA17B1F3F52AA00AF630E /* GCDBlackBox.swift */ = {isa = PBXFileReference; fileEncoding = 4; lastKnownFileType = sourcecode.swift; path = GCDBlackBox.swift; sourceTree = "<group>"; };
		B67E07B31F4ACCCD00CB0340 /* UdacityConvenience.swift */ = {isa = PBXFileReference; fileEncoding = 4; lastKnownFileType = sourcecode.swift; path = UdacityConvenience.swift; sourceTree = "<group>"; };
		B67E07D31F4C799B00CB0340 /* CustomTextFieldDelegate.swift */ = {isa = PBXFileReference; fileEncoding = 4; lastKnownFileType = sourcecode.swift; path = CustomTextFieldDelegate.swift; sourceTree = "<group>"; };
		B6C6CD851F44373A00A1075A /* StudentsMapViewController.swift */ = {isa = PBXFileReference; fileEncoding = 4; lastKnownFileType = sourcecode.swift; path = StudentsMapViewController.swift; sourceTree = "<group>"; };
		B6C6CD871F443D0B00A1075A /* AppTabBarViewController.swift */ = {isa = PBXFileReference; fileEncoding = 4; lastKnownFileType = sourcecode.swift; path = AppTabBarViewController.swift; sourceTree = "<group>"; };
		B6C6CD8D1F45DFE000A1075A /* StudentsTableViewController.swift */ = {isa = PBXFileReference; fileEncoding = 4; lastKnownFileType = sourcecode.swift; path = StudentsTableViewController.swift; sourceTree = "<group>"; };
		B6C6CD901F45E57C00A1075A /* StudentTableViewCell.swift */ = {isa = PBXFileReference; fileEncoding = 4; lastKnownFileType = sourcecode.swift; path = StudentTableViewCell.swift; sourceTree = "<group>"; };
		B6C6CD941F46003C00A1075A /* UdacityStudent.swift */ = {isa = PBXFileReference; fileEncoding = 4; lastKnownFileType = sourcecode.swift; path = UdacityStudent.swift; sourceTree = "<group>"; };
		B6C6CD981F474A8900A1075A /* PostingViewController.swift */ = {isa = PBXFileReference; fileEncoding = 4; lastKnownFileType = sourcecode.swift; path = PostingViewController.swift; sourceTree = "<group>"; };
/* End PBXFileReference section */

/* Begin PBXFrameworksBuildPhase section */
		B66EA1511F3F019900AF630E /* Frameworks */ = {
			isa = PBXFrameworksBuildPhase;
			buildActionMask = 2147483647;
			files = (
			);
			runOnlyForDeploymentPostprocessing = 0;
		};
/* End PBXFrameworksBuildPhase section */

/* Begin PBXGroup section */
		B66EA14B1F3F019900AF630E = {
			isa = PBXGroup;
			children = (
				B66EA1561F3F019900AF630E /* OnTheMap */,
				B66EA1551F3F019900AF630E /* Products */,
			);
			sourceTree = "<group>";
		};
		B66EA1551F3F019900AF630E /* Products */ = {
			isa = PBXGroup;
			children = (
				B66EA1541F3F019900AF630E /* OnTheMap.app */,
			);
			name = Products;
			sourceTree = "<group>";
		};
		B66EA1561F3F019900AF630E /* OnTheMap */ = {
			isa = PBXGroup;
			children = (
				B66EA16C1F3F3C5500AF630E /* Model */,
				B66EA1571F3F019900AF630E /* AppDelegate.swift */,
				B67E07D31F4C799B00CB0340 /* CustomTextFieldDelegate.swift */,
				B66EA17B1F3F52AA00AF630E /* GCDBlackBox.swift */,
				B66EA1711F3F3D8D00AF630E /* Errors.swift */,
				B6C6CD8F1F45E54900A1075A /* Cells */,
				B66EA1691F3F3AB800AF630E /* Controller */,
				B66EA16A1F3F3AE000AF630E /* Assets */,
				B66EA16B1F3F3AF500AF630E /* Supporting Files */,
			);
			path = OnTheMap;
			sourceTree = "<group>";
		};
		B66EA1691F3F3AB800AF630E /* Controller */ = {
			isa = PBXGroup;
			children = (
				B66EA1591F3F019900AF630E /* LoginViewController.swift */,
				B6C6CD871F443D0B00A1075A /* AppTabBarViewController.swift */,
				B6C6CD981F474A8900A1075A /* PostingViewController.swift */,
				B6C6CD8D1F45DFE000A1075A /* StudentsTableViewController.swift */,
				B6C6CD851F44373A00A1075A /* StudentsMapViewController.swift */,
			);
			name = Controller;
			sourceTree = "<group>";
		};
		B66EA16A1F3F3AE000AF630E /* Assets */ = {
			isa = PBXGroup;
			children = (
				B66EA15B1F3F019900AF630E /* Main.storyboard */,
				B66EA15E1F3F019900AF630E /* Assets.xcassets */,
				B66EA1601F3F019900AF630E /* LaunchScreen.storyboard */,
			);
			name = Assets;
			sourceTree = "<group>";
		};
		B66EA16B1F3F3AF500AF630E /* Supporting Files */ = {
			isa = PBXGroup;
			children = (
				B66EA1631F3F019900AF630E /* Info.plist */,
			);
			name = "Supporting Files";
			sourceTree = "<group>";
		};
		B66EA16C1F3F3C5500AF630E /* Model */ = {
			isa = PBXGroup;
			children = (
				B66EA16D1F3F3C6100AF630E /* Clients */,
			);
			name = Model;
			sourceTree = "<group>";
		};
		B66EA16D1F3F3C6100AF630E /* Clients */ = {
			isa = PBXGroup;
			children = (
				B66EA16E1F3F3C6C00AF630E /* Udacity */,
			);
			name = Clients;
			sourceTree = "<group>";
		};
		B66EA16E1F3F3C6C00AF630E /* Udacity */ = {
			isa = PBXGroup;
			children = (
				B66EA16F1F3F3C9E00AF630E /* UdacityClient.swift */,
				B66EA1751F3F475A00AF630E /* UdacityConstants.swift */,
				B67E07B31F4ACCCD00CB0340 /* UdacityConvenience.swift */,
				B6C6CD941F46003C00A1075A /* UdacityStudent.swift */,
			);
			name = Udacity;
			sourceTree = "<group>";
		};
		B6C6CD8F1F45E54900A1075A /* Cells */ = {
			isa = PBXGroup;
			children = (
				B6C6CD901F45E57C00A1075A /* StudentTableViewCell.swift */,
			);
			name = Cells;
			sourceTree = "<group>";
		};
/* End PBXGroup section */

/* Begin PBXNativeTarget section */
		B66EA1531F3F019900AF630E /* OnTheMap */ = {
			isa = PBXNativeTarget;
			buildConfigurationList = B66EA1661F3F019900AF630E /* Build configuration list for PBXNativeTarget "OnTheMap" */;
			buildPhases = (
				B66EA1501F3F019900AF630E /* Sources */,
				B66EA1511F3F019900AF630E /* Frameworks */,
				B66EA1521F3F019900AF630E /* Resources */,
			);
			buildRules = (
			);
			dependencies = (
			);
			name = OnTheMap;
			productName = OnTheMap;
			productReference = B66EA1541F3F019900AF630E /* OnTheMap.app */;
			productType = "com.apple.product-type.application";
		};
/* End PBXNativeTarget section */

/* Begin PBXProject section */
		B66EA14C1F3F019900AF630E /* Project object */ = {
			isa = PBXProject;
			attributes = {
				LastSwiftUpdateCheck = 0830;
				LastUpgradeCheck = 1130;
				ORGANIZATIONNAME = "Alessandro Bellotti";
				TargetAttributes = {
					B66EA1531F3F019900AF630E = {
						CreatedOnToolsVersion = 8.3.3;
						DevelopmentTeam = J2V8EZ5Q7Z;
						LastSwiftMigration = 1130;
						ProvisioningStyle = Automatic;
					};
				};
			};
			buildConfigurationList = B66EA14F1F3F019900AF630E /* Build configuration list for PBXProject "OnTheMap" */;
			compatibilityVersion = "Xcode 3.2";
			developmentRegion = en;
			hasScannedForEncodings = 0;
			knownRegions = (
				en,
				Base,
			);
			mainGroup = B66EA14B1F3F019900AF630E;
			productRefGroup = B66EA1551F3F019900AF630E /* Products */;
			projectDirPath = "";
			projectRoot = "";
			targets = (
				B66EA1531F3F019900AF630E /* OnTheMap */,
			);
		};
/* End PBXProject section */

/* Begin PBXResourcesBuildPhase section */
		B66EA1521F3F019900AF630E /* Resources */ = {
			isa = PBXResourcesBuildPhase;
			buildActionMask = 2147483647;
			files = (
				B66EA1621F3F019900AF630E /* LaunchScreen.storyboard in Resources */,
				B66EA15F1F3F019900AF630E /* Assets.xcassets in Resources */,
				B66EA15D1F3F019900AF630E /* Main.storyboard in Resources */,
			);
			runOnlyForDeploymentPostprocessing = 0;
		};
/* End PBXResourcesBuildPhase section */

/* Begin PBXSourcesBuildPhase section */
		B66EA1501F3F019900AF630E /* Sources */ = {
			isa = PBXSourcesBuildPhase;
			buildActionMask = 2147483647;
			files = (
				B66EA15A1F3F019900AF630E /* LoginViewController.swift in Sources */,
				B6C6CD911F45E57C00A1075A /* StudentTableViewCell.swift in Sources */,
				B66EA1761F3F475A00AF630E /* UdacityConstants.swift in Sources */,
				B6C6CD951F46003C00A1075A /* UdacityStudent.swift in Sources */,
				B66EA1721F3F3D8D00AF630E /* Errors.swift in Sources */,
				B6C6CD991F474A8900A1075A /* PostingViewController.swift in Sources */,
				B66EA1581F3F019900AF630E /* AppDelegate.swift in Sources */,
				B6C6CD881F443D0B00A1075A /* AppTabBarViewController.swift in Sources */,
				B67E07B41F4ACCCD00CB0340 /* UdacityConvenience.swift in Sources */,
				B67E07D41F4C799B00CB0340 /* CustomTextFieldDelegate.swift in Sources */,
				B66EA1701F3F3C9E00AF630E /* UdacityClient.swift in Sources */,
				B6C6CD8E1F45DFE000A1075A /* StudentsTableViewController.swift in Sources */,
				B66EA17C1F3F52AA00AF630E /* GCDBlackBox.swift in Sources */,
				B6C6CD861F44373A00A1075A /* StudentsMapViewController.swift in Sources */,
			);
			runOnlyForDeploymentPostprocessing = 0;
		};
/* End PBXSourcesBuildPhase section */

/* Begin PBXVariantGroup section */
		B66EA15B1F3F019900AF630E /* Main.storyboard */ = {
			isa = PBXVariantGroup;
			children = (
				B66EA15C1F3F019900AF630E /* Base */,
			);
			name = Main.storyboard;
			sourceTree = "<group>";
		};
		B66EA1601F3F019900AF630E /* LaunchScreen.storyboard */ = {
			isa = PBXVariantGroup;
			children = (
				B66EA1611F3F019900AF630E /* Base */,
			);
			name = LaunchScreen.storyboard;
			sourceTree = "<group>";
		};
/* End PBXVariantGroup section */

/* Begin XCBuildConfiguration section */
		B66EA1641F3F019900AF630E /* Debug */ = {
			isa = XCBuildConfiguration;
			buildSettings = {
				ALWAYS_SEARCH_USER_PATHS = NO;
				CLANG_ANALYZER_NONNULL = YES;
				CLANG_ANALYZER_NUMBER_OBJECT_CONVERSION = YES_AGGRESSIVE;
				CLANG_CXX_LANGUAGE_STANDARD = "gnu++0x";
				CLANG_CXX_LIBRARY = "libc++";
				CLANG_ENABLE_MODULES = YES;
				CLANG_ENABLE_OBJC_ARC = YES;
				CLANG_WARN_BLOCK_CAPTURE_AUTORELEASING = YES;
				CLANG_WARN_BOOL_CONVERSION = YES;
				CLANG_WARN_COMMA = YES;
				CLANG_WARN_CONSTANT_CONVERSION = YES;
				CLANG_WARN_DEPRECATED_OBJC_IMPLEMENTATIONS = YES;
				CLANG_WARN_DIRECT_OBJC_ISA_USAGE = YES_ERROR;
				CLANG_WARN_DOCUMENTATION_COMMENTS = YES;
				CLANG_WARN_EMPTY_BODY = YES;
				CLANG_WARN_ENUM_CONVERSION = YES;
				CLANG_WARN_INFINITE_RECURSION = YES;
				CLANG_WARN_INT_CONVERSION = YES;
				CLANG_WARN_NON_LITERAL_NULL_CONVERSION = YES;
				CLANG_WARN_OBJC_IMPLICIT_RETAIN_SELF = YES;
				CLANG_WARN_OBJC_LITERAL_CONVERSION = YES;
				CLANG_WARN_OBJC_ROOT_CLASS = YES_ERROR;
				CLANG_WARN_RANGE_LOOP_ANALYSIS = YES;
				CLANG_WARN_STRICT_PROTOTYPES = YES;
				CLANG_WARN_SUSPICIOUS_MOVE = YES;
				CLANG_WARN_UNREACHABLE_CODE = YES;
				CLANG_WARN__DUPLICATE_METHOD_MATCH = YES;
				"CODE_SIGN_IDENTITY[sdk=iphoneos*]" = "iPhone Developer";
				COPY_PHASE_STRIP = NO;
				DEBUG_INFORMATION_FORMAT = dwarf;
				ENABLE_STRICT_OBJC_MSGSEND = YES;
				ENABLE_TESTABILITY = YES;
				GCC_C_LANGUAGE_STANDARD = gnu99;
				GCC_DYNAMIC_NO_PIC = NO;
				GCC_NO_COMMON_BLOCKS = YES;
				GCC_OPTIMIZATION_LEVEL = 0;
				GCC_PREPROCESSOR_DEFINITIONS = (
					"DEBUG=1",
					"$(inherited)",
				);
				GCC_WARN_64_TO_32_BIT_CONVERSION = YES;
				GCC_WARN_ABOUT_RETURN_TYPE = YES_ERROR;
				GCC_WARN_UNDECLARED_SELECTOR = YES;
				GCC_WARN_UNINITIALIZED_AUTOS = YES_AGGRESSIVE;
				GCC_WARN_UNUSED_FUNCTION = YES;
				GCC_WARN_UNUSED_VARIABLE = YES;
				IPHONEOS_DEPLOYMENT_TARGET = 10.3;
				MTL_ENABLE_DEBUG_INFO = YES;
				ONLY_ACTIVE_ARCH = YES;
				SDKROOT = iphoneos;
				SWIFT_ACTIVE_COMPILATION_CONDITIONS = DEBUG;
				SWIFT_OPTIMIZATION_LEVEL = "-Onone";
				TARGETED_DEVICE_FAMILY = "1,2";
			};
			name = Debug;
		};
		B66EA1651F3F019900AF630E /* Release */ = {
			isa = XCBuildConfiguration;
			buildSettings = {
				ALWAYS_SEARCH_USER_PATHS = NO;
				CLANG_ANALYZER_NONNULL = YES;
				CLANG_ANALYZER_NUMBER_OBJECT_CONVERSION = YES_AGGRESSIVE;
				CLANG_CXX_LANGUAGE_STANDARD = "gnu++0x";
				CLANG_CXX_LIBRARY = "libc++";
				CLANG_ENABLE_MODULES = YES;
				CLANG_ENABLE_OBJC_ARC = YES;
				CLANG_WARN_BLOCK_CAPTURE_AUTORELEASING = YES;
				CLANG_WARN_BOOL_CONVERSION = YES;
				CLANG_WARN_COMMA = YES;
				CLANG_WARN_CONSTANT_CONVERSION = YES;
				CLANG_WARN_DEPRECATED_OBJC_IMPLEMENTATIONS = YES;
				CLANG_WARN_DIRECT_OBJC_ISA_USAGE = YES_ERROR;
				CLANG_WARN_DOCUMENTATION_COMMENTS = YES;
				CLANG_WARN_EMPTY_BODY = YES;
				CLANG_WARN_ENUM_CONVERSION = YES;
				CLANG_WARN_INFINITE_RECURSION = YES;
				CLANG_WARN_INT_CONVERSION = YES;
				CLANG_WARN_NON_LITERAL_NULL_CONVERSION = YES;
				CLANG_WARN_OBJC_IMPLICIT_RETAIN_SELF = YES;
				CLANG_WARN_OBJC_LITERAL_CONVERSION = YES;
				CLANG_WARN_OBJC_ROOT_CLASS = YES_ERROR;
				CLANG_WARN_RANGE_LOOP_ANALYSIS = YES;
				CLANG_WARN_STRICT_PROTOTYPES = YES;
				CLANG_WARN_SUSPICIOUS_MOVE = YES;
				CLANG_WARN_UNREACHABLE_CODE = YES;
				CLANG_WARN__DUPLICATE_METHOD_MATCH = YES;
				"CODE_SIGN_IDENTITY[sdk=iphoneos*]" = "iPhone Developer";
				COPY_PHASE_STRIP = NO;
				DEBUG_INFORMATION_FORMAT = "dwarf-with-dsym";
				ENABLE_NS_ASSERTIONS = NO;
				ENABLE_STRICT_OBJC_MSGSEND = YES;
				GCC_C_LANGUAGE_STANDARD = gnu99;
				GCC_NO_COMMON_BLOCKS = YES;
				GCC_WARN_64_TO_32_BIT_CONVERSION = YES;
				GCC_WARN_ABOUT_RETURN_TYPE = YES_ERROR;
				GCC_WARN_UNDECLARED_SELECTOR = YES;
				GCC_WARN_UNINITIALIZED_AUTOS = YES_AGGRESSIVE;
				GCC_WARN_UNUSED_FUNCTION = YES;
				GCC_WARN_UNUSED_VARIABLE = YES;
				IPHONEOS_DEPLOYMENT_TARGET = 10.3;
				MTL_ENABLE_DEBUG_INFO = NO;
				SDKROOT = iphoneos;
				SWIFT_OPTIMIZATION_LEVEL = "-Owholemodule";
				TARGETED_DEVICE_FAMILY = "1,2";
				VALIDATE_PRODUCT = YES;
			};
			name = Release;
		};
		B66EA1671F3F019900AF630E /* Debug */ = {
			isa = XCBuildConfiguration;
			buildSettings = {
				ASSETCATALOG_COMPILER_APPICON_NAME = AppIcon;
				DEVELOPMENT_TEAM = J2V8EZ5Q7Z;
				INFOPLIST_FILE = OnTheMap/Info.plist;
				LD_RUNPATH_SEARCH_PATHS = "$(inherited) @executable_path/Frameworks";
				PRODUCT_BUNDLE_IDENTIFIER = zukka.dev.OnTheMap;
				PRODUCT_NAME = "$(TARGET_NAME)";
				SWIFT_SWIFT3_OBJC_INFERENCE = Off;
				SWIFT_VERSION = 5.0;
			};
			name = Debug;
		};
		B66EA1681F3F019900AF630E /* Release */ = {
			isa = XCBuildConfiguration;
			buildSettings = {
				ASSETCATALOG_COMPILER_APPICON_NAME = AppIcon;
				DEVELOPMENT_TEAM = J2V8EZ5Q7Z;
				INFOPLIST_FILE = OnTheMap/Info.plist;
				LD_RUNPATH_SEARCH_PATHS = "$(inherited) @executable_path/Frameworks";
				PRODUCT_BUNDLE_IDENTIFIER = zukka.dev.OnTheMap;
				PRODUCT_NAME = "$(TARGET_NAME)";
				SWIFT_SWIFT3_OBJC_INFERENCE = Off;
				SWIFT_VERSION = 5.0;
			};
			name = Release;
		};
/* End XCBuildConfiguration section */

/* Begin XCConfigurationList section */
		B66EA14F1F3F019900AF630E /* Build configuration list for PBXProject "OnTheMap" */ = {
			isa = XCConfigurationList;
			buildConfigurations = (
				B66EA1641F3F019900AF630E /* Debug */,
				B66EA1651F3F019900AF630E /* Release */,
			);
			defaultConfigurationIsVisible = 0;
			defaultConfigurationName = Release;
		};
		B66EA1661F3F019900AF630E /* Build configuration list for PBXNativeTarget "OnTheMap" */ = {
			isa = XCConfigurationList;
			buildConfigurations = (
				B66EA1671F3F019900AF630E /* Debug */,
				B66EA1681F3F019900AF630E /* Release */,
			);
			defaultConfigurationIsVisible = 0;
			defaultConfigurationName = Release;
		};
/* End XCConfigurationList section */
	};
	rootObject = B66EA14C1F3F019900AF630E /* Project object */;
}
